
Microsoft Visual Studio Solution File, Format Version 12.00
# Visual Studio Version 17
VisualStudioVersion = 17.0.31912.275
MinimumVisualStudioVersion = 10.0.40219.1
Project("{FAE04EC0-301F-11D3-BF4B-00C04F79EFBC}") = "DapperAuthentication", "DapperAuthentication\DapperAuthentication.csproj", "{0251B88B-6F41-461C-BEE9-0A03824FFE32}"
EndProject
Global
	GlobalSection(SolutionConfigurationPlatforms) = preSolution
		Debug|Any CPU = Debug|Any CPU
		Release|Any CPU = Release|Any CPU
	EndGlobalSection
	GlobalSection(ProjectConfigurationPlatforms) = postSolution
		{0251B88B-6F41-461C-BEE9-0A03824FFE32}.Debug|Any CPU.ActiveCfg = Debug|Any CPU
		{0251B88B-6F41-461C-BEE9-0A03824FFE32}.Debug|Any CPU.Build.0 = Debug|Any CPU
		{0251B88B-6F41-461C-BEE9-0A03824FFE32}.Release|Any CPU.ActiveCfg = Release|Any CPU
		{0251B88B-6F41-461C-BEE9-0A03824FFE32}.Release|Any CPU.Build.0 = Release|Any CPU
	EndGlobalSection
	GlobalSection(SolutionProperties) = preSolution
		HideSolutionNode = FALSE
	EndGlobalSection
	GlobalSection(ExtensibilityGlobals) = postSolution
		SolutionGuid = {A0D550F6-96A7-46E6-9D5C-5B5EE7018F0D}
	EndGlobalSection
EndGlobal
